
Microsoft Visual Studio Solution File, Format Version 12.00
# Visual Studio Version 17
VisualStudioVersion = 17.6.33829.357
MinimumVisualStudioVersion = 10.0.40219.1
Project("{FAE04EC0-301F-11D3-BF4B-00C04F79EFBC}") = "LabTuto_4", "LabTuto_4\LabTuto_4.csproj", "{F2C77A30-868A-4A87-9CA6-2E0F3F4CF043}"
EndProject
Global
	GlobalSection(SolutionConfigurationPlatforms) = preSolution
		Debug|Any CPU = Debug|Any CPU
		Release|Any CPU = Release|Any CPU
	EndGlobalSection
	GlobalSection(ProjectConfigurationPlatforms) = postSolution
		{F2C77A30-868A-4A87-9CA6-2E0F3F4CF043}.Debug|Any CPU.ActiveCfg = Debug|Any CPU
		{F2C77A30-868A-4A87-9CA6-2E0F3F4CF043}.Debug|Any CPU.Build.0 = Debug|Any CPU
		{F2C77A30-868A-4A87-9CA6-2E0F3F4CF043}.Release|Any CPU.ActiveCfg = Release|Any CPU
		{F2C77A30-868A-4A87-9CA6-2E0F3F4CF043}.Release|Any CPU.Build.0 = Release|Any CPU
	EndGlobalSection
	GlobalSection(SolutionProperties) = preSolution
		HideSolutionNode = FALSE
	EndGlobalSection
	GlobalSection(ExtensibilityGlobals) = postSolution
		SolutionGuid = {B977E2DF-DC05-4880-8BD1-D304A945D263}
	EndGlobalSection
EndGlobal
